
Microsoft Visual Studio Solution File, Format Version 12.00
# Visual Studio Version 16
VisualStudioVersion = 16.0.31515.178
MinimumVisualStudioVersion = 10.0.40219.1
Project("{8BC9CEB8-8B4A-11D0-8D11-00A0C91BC942}") = "AntiCheat", "AntiCheat\AntiCheat.vcxproj", "{C7F6171D-B8E5-4228-AD01-1D5268655455}"
EndProject
Project("{8BC9CEB8-8B4A-11D0-8D11-00A0C91BC942}") = "Server", "Server\Server.vcxproj", "{7DCD04C9-2CD6-4389-8CE1-B5EF109A93C1}"
EndProject
Global
	GlobalSection(SolutionConfigurationPlatforms) = preSolution
		Debug|x64 = Debug|x64
		Debug|x86 = Debug|x86
		Release|x64 = Release|x64
		Release|x86 = Release|x86
	EndGlobalSection
	GlobalSection(ProjectConfigurationPlatforms) = postSolution
		{C7F6171D-B8E5-4228-AD01-1D5268655455}.Debug|x64.ActiveCfg = Debug|x64
		{C7F6171D-B8E5-4228-AD01-1D5268655455}.Debug|x64.Build.0 = Debug|x64
		{C7F6171D-B8E5-4228-AD01-1D5268655455}.Debug|x86.ActiveCfg = Debug|Win32
		{C7F6171D-B8E5-4228-AD01-1D5268655455}.Debug|x86.Build.0 = Debug|Win32
		{C7F6171D-B8E5-4228-AD01-1D5268655455}.Release|x64.ActiveCfg = Release|x64
		{C7F6171D-B8E5-4228-AD01-1D5268655455}.Release|x64.Build.0 = Release|x64
		{C7F6171D-B8E5-4228-AD01-1D5268655455}.Release|x86.ActiveCfg = Release|Win32
		{C7F6171D-B8E5-4228-AD01-1D5268655455}.Release|x86.Build.0 = Release|Win32
		{7DCD04C9-2CD6-4389-8CE1-B5EF109A93C1}.Debug|x64.ActiveCfg = Debug|x64
		{7DCD04C9-2CD6-4389-8CE1-B5EF109A93C1}.Debug|x64.Build.0 = Debug|x64
		{7DCD04C9-2CD6-4389-8CE1-B5EF109A93C1}.Debug|x86.ActiveCfg = Debug|Win32
		{7DCD04C9-2CD6-4389-8CE1-B5EF109A93C1}.Debug|x86.Build.0 = Debug|Win32
		{7DCD04C9-2CD6-4389-8CE1-B5EF109A93C1}.Release|x64.ActiveCfg = Release|x64
		{7DCD04C9-2CD6-4389-8CE1-B5EF109A93C1}.Release|x64.Build.0 = Release|x64
		{7DCD04C9-2CD6-4389-8CE1-B5EF109A93C1}.Release|x86.ActiveCfg = Release|Win32
		{7DCD04C9-2CD6-4389-8CE1-B5EF109A93C1}.Release|x86.Build.0 = Release|Win32
	EndGlobalSection
	GlobalSection(SolutionProperties) = preSolution
		HideSolutionNode = FALSE
	EndGlobalSection
	GlobalSection(ExtensibilityGlobals) = postSolution
		SolutionGuid = {74337805-A426-45FC-8F4B-7AD55D852A8E}
	EndGlobalSection
EndGlobal
